version = 1
revision = 3
requires-python = ">=3.14"

[manifest]

[manifest.dependency-groups]
packse = [
    { name = "chevron-blue" },
    { name = "packse", specifier = ">=0.3.53" },
]

[[package]]
name = "chevron-blue"
version = "0.3.0"
source = { registry = "https://pypi.org/simple" }
sdist = { url = "https://files.pythonhosted.org/packages/18/05/2110389caf5789648f83c4374d9aa83215a50bb028bfb5139ccb51a8e3e3/chevron_blue-0.3.0.tar.gz", hash = "sha256:7099e1b8fa8d8e81beea31fcc448091f845de3533da1a36eea0c19327ab8521d", size = 7730, upload-time = "2025-07-16T16:56:23.064Z" }
wheels = [
    { url = "https://files.pythonhosted.org/packages/36/94/1ffcf1651c4ca3b7ecf8d20cc4e2ce13298f264ea31fa77bc53c0b5ddf56/chevron_blue-0.3.0-py3-none-any.whl", hash = "sha256:7ebea4ae16a410cc0416e98a158b0fad615173f67764cfea55bd24776bb0cf29", size = 9829, upload-time = "2025-07-16T16:56:21.904Z" },
]

[[package]]
name = "hatchling"
version = "1.28.0"
source = { registry = "https://pypi.org/simple" }
dependencies = [
    { name = "packaging" },
    { name = "pathspec" },
    { name = "pluggy" },
    { name = "trove-classifiers" },
]
sdist = { url = "https://files.pythonhosted.org/packages/0b/8e/e480359492affde4119a131da729dd26da742c2c9b604dff74836e47eef9/hatchling-1.28.0.tar.gz", hash = "sha256:4d50b02aece6892b8cd0b3ce6c82cb218594d3ec5836dbde75bf41a21ab004c8", size = 55365, upload-time = "2025-11-27T00:31:13.766Z" }
wheels = [
    { url = "https://files.pythonhosted.org/packages/0d/a5/48cb7efb8b4718b1a4c0c331e3364a3a33f614ff0d6afd2b93ee883d3c47/hatchling-1.28.0-py3-none-any.whl", hash = "sha256:dc48722b68b3f4bbfa3ff618ca07cdea6750e7d03481289ffa8be1521d18a961", size = 76075, upload-time = "2025-11-27T00:31:12.544Z" },
]

[[package]]
name = "msgspec"
version = "0.20.0"
source = { registry = "https://pypi.org/simple" }
sdist = { url = "https://files.pythonhosted.org/packages/ea/9c/bfbd12955a49180cbd234c5d29ec6f74fe641698f0cd9df154a854fc8a15/msgspec-0.20.0.tar.gz", hash = "sha256:692349e588fde322875f8d3025ac01689fead5901e7fb18d6870a44519d62a29", size = 317862, upload-time = "2025-11-24T03:56:28.934Z" }
wheels = [
    { url = "https://files.pythonhosted.org/packages/bb/18/62dc13ab0260c7d741dda8dc7f481495b93ac9168cd887dda5929880eef8/msgspec-0.20.0-cp314-cp314-macosx_10_15_x86_64.whl", hash = "sha256:eead16538db1b3f7ec6e3ed1f6f7c5dec67e90f76e76b610e1ffb5671815633a", size = 196407, upload-time = "2025-11-24T03:55:55.001Z" },
    { url = "https://files.pythonhosted.org/packages/dd/1d/b9949e4ad6953e9f9a142c7997b2f7390c81e03e93570c7c33caf65d27e1/msgspec-0.20.0-cp314-cp314-macosx_11_0_arm64.whl", hash = "sha256:703c3bb47bf47801627fb1438f106adbfa2998fe586696d1324586a375fca238", size = 188889, upload-time = "2025-11-24T03:55:56.311Z" },
    { url = "https://files.pythonhosted.org/packages/1e/19/f8bb2dc0f1bfe46cc7d2b6b61c5e9b5a46c62298e8f4d03bbe499c926180/msgspec-0.20.0-cp314-cp314-manylinux2014_aarch64.manylinux_2_17_aarch64.manylinux_2_28_aarch64.whl", hash = "sha256:6cdb227dc585fb109305cee0fd304c2896f02af93ecf50a9c84ee54ee67dbb42", size = 219691, upload-time = "2025-11-24T03:55:57.908Z" },
    { url = "https://files.pythonhosted.org/packages/b8/8e/6b17e43f6eb9369d9858ee32c97959fcd515628a1df376af96c11606cf70/msgspec-0.20.0-cp314-cp314-manylinux2014_x86_64.manylinux_2_17_x86_64.manylinux_2_28_x86_64.whl", hash = "sha256:27d35044dd8818ac1bd0fedb2feb4fbdff4e3508dd7c5d14316a12a2d96a0de0", size = 224918, upload-time = "2025-11-24T03:55:59.322Z" },
    { url = "https://files.pythonhosted.org/packages/1c/db/0e833a177db1a4484797adba7f429d4242585980b90882cc38709e1b62df/msgspec-0.20.0-cp314-cp314-musllinux_1_2_aarch64.whl", hash = "sha256:b4296393a29ee42dd25947981c65506fd4ad39beaf816f614146fa0c5a6c91ae", size = 223436, upload-time = "2025-11-24T03:56:00.716Z" },
    { url = "https://files.pythonhosted.org/packages/c3/30/d2ee787f4c918fd2b123441d49a7707ae9015e0e8e1ab51aa7967a97b90e/msgspec-0.20.0-cp314-cp314-musllinux_1_2_x86_64.whl", hash = "sha256:205fbdadd0d8d861d71c8f3399fe1a82a2caf4467bc8ff9a626df34c12176980", size = 227190, upload-time = "2025-11-24T03:56:02.371Z" },
    { url = "https://files.pythonhosted.org/packages/ff/37/9c4b58ff11d890d788e700b827db2366f4d11b3313bf136780da7017278b/msgspec-0.20.0-cp314-cp314-win_amd64.whl", hash = "sha256:7dfebc94fe7d3feec6bc6c9df4f7e9eccc1160bb5b811fbf3e3a56899e398a6b", size = 193950, upload-time = "2025-11-24T03:56:03.668Z" },
    { url = "https://files.pythonhosted.org/packages/e9/4e/cab707bf2fa57408e2934e5197fc3560079db34a1e3cd2675ff2e47e07de/msgspec-0.20.0-cp314-cp314-win_arm64.whl", hash = "sha256:2ad6ae36e4a602b24b4bf4eaf8ab5a441fec03e1f1b5931beca8ebda68f53fc0", size = 179018, upload-time = "2025-11-24T03:56:05.038Z" },
    { url = "https://files.pythonhosted.org/packages/4c/06/3da3fc9aaa55618a8f43eb9052453cfe01f82930bca3af8cea63a89f3a11/msgspec-0.20.0-cp314-cp314t-macosx_10_15_x86_64.whl", hash = "sha256:f84703e0e6ef025663dd1de828ca028774797b8155e070e795c548f76dde65d5", size = 200389, upload-time = "2025-11-24T03:56:06.375Z" },
    { url = "https://files.pythonhosted.org/packages/83/3b/cc4270a5ceab40dfe1d1745856951b0a24fd16ac8539a66ed3004a60c91e/msgspec-0.20.0-cp314-cp314t-macosx_11_0_arm64.whl", hash = "sha256:7c83fc24dd09cf1275934ff300e3951b3adc5573f0657a643515cc16c7dee131", size = 193198, upload-time = "2025-11-24T03:56:07.742Z" },
    { url = "https://files.pythonhosted.org/packages/cd/ae/4c7905ac53830c8e3c06fdd60e3cdcfedc0bbc993872d1549b84ea21a1bd/msgspec-0.20.0-cp314-cp314t-manylinux2014_aarch64.manylinux_2_17_aarch64.manylinux_2_28_aarch64.whl", hash = "sha256:5f13ccb1c335a124e80c4562573b9b90f01ea9521a1a87f7576c2e281d547f56", size = 225973, upload-time = "2025-11-24T03:56:09.18Z" },
    { url = "https://files.pythonhosted.org/packages/d9/da/032abac1de4d0678d99eaeadb1323bd9d247f4711c012404ba77ed6f15ca/msgspec-0.20.0-cp314-cp314t-manylinux2014_x86_64.manylinux_2_17_x86_64.manylinux_2_28_x86_64.whl", hash = "sha256:17c2b5ca19f19306fc83c96d85e606d2cc107e0caeea85066b5389f664e04846", size = 229509, upload-time = "2025-11-24T03:56:10.898Z" },
    { url = "https://files.pythonhosted.org/packages/69/52/fdc7bdb7057a166f309e0b44929e584319e625aaba4771b60912a9321ccd/msgspec-0.20.0-cp314-cp314t-musllinux_1_2_aarch64.whl", hash = "sha256:d931709355edabf66c2dd1a756b2d658593e79882bc81aae5964969d5a291b63", size = 230434, upload-time = "2025-11-24T03:56:12.48Z" },
    { url = "https://files.pythonhosted.org/packages/cb/fe/1dfd5f512b26b53043884e4f34710c73e294e7cc54278c3fe28380e42c37/msgspec-0.20.0-cp314-cp314t-musllinux_1_2_x86_64.whl", hash = "sha256:565f915d2e540e8a0c93a01ff67f50aebe1f7e22798c6a25873f9fda8d1325f8", size = 231758, upload-time = "2025-11-24T03:56:13.765Z" },
    { url = "https://files.pythonhosted.org/packages/97/f6/9ba7121b8e0c4e0beee49575d1dbc804e2e72467692f0428cf39ceba1ea5/msgspec-0.20.0-cp314-cp314t-win_amd64.whl", hash = "sha256:726f3e6c3c323f283f6021ebb6c8ccf58d7cd7baa67b93d73bfbe9a15c34ab8d", size = 206540, upload-time = "2025-11-24T03:56:15.029Z" },
    { url = "https://files.pythonhosted.org/packages/c8/3e/c5187de84bb2c2ca334ab163fcacf19a23ebb1d876c837f81a1b324a15bf/msgspec-0.20.0-cp314-cp314t-win_arm64.whl", hash = "sha256:93f23528edc51d9f686808a361728e903d6f2be55c901d6f5c92e44c6d546bfc", size = 183011, upload-time = "2025-11-24T03:56:16.442Z" },
]

[[package]]
name = "packaging"
version = "25.0"
source = { registry = "https://pypi.org/simple" }
sdist = { url = "https://files.pythonhosted.org/packages/a1/d4/1fc4078c65507b51b96ca8f8c3ba19e6a61c8253c72794544580a7b6c24d/packaging-25.0.tar.gz", hash = "sha256:d443872c98d677bf60f6a1f2f8c1cb748e8fe762d2bf9d3148b5599295b0fc4f", size = 165727, upload-time = "2025-04-19T11:48:59.673Z" }
wheels = [
    { url = "https://files.pythonhosted.org/packages/20/12/38679034af332785aac8774540895e234f4d07f7545804097de4b666afd8/packaging-25.0-py3-none-any.whl", hash = "sha256:29572ef2b1f17581046b3a2227d5c611fb25ec70ca1ba8554b24b0e69331a484", size = 66469, upload-time = "2025-04-19T11:48:57.875Z" },
]

[[package]]
name = "packse"
version = "0.3.54"
source = { registry = "https://pypi.org/simple" }
dependencies = [
    { name = "chevron-blue" },
    { name = "hatchling" },
    { name = "msgspec" },
    { name = "packaging" },
    { name = "pyyaml" },
    { name = "uv" },
]
sdist = { url = "https://files.pythonhosted.org/packages/a3/e2/9ba11ffac2cb2719ace80731bec4c0c54b6b74c25f1675f45082e40dcd6f/packse-0.3.54.tar.gz", hash = "sha256:1ef801475423f51724efaa20577ad708c29a89499001fae387b7ac2b5cfaf534", size = 5879759, upload-time = "2025-11-27T14:41:23.837Z" }
wheels = [
    { url = "https://files.pythonhosted.org/packages/5b/31/7d1e18a74e14a8d33aab5d24abdd19e47210d55846502380481384a33478/packse-0.3.54-py3-none-any.whl", hash = "sha256:bdb86af409a0c622f3a4374700b4bbb94fabc3d0e4d4d42b37e7aab3d863ff96", size = 34098, upload-time = "2025-11-27T14:41:25.253Z" },
]

[[package]]
name = "pathspec"
version = "0.12.1"
source = { registry = "https://pypi.org/simple" }
sdist = { url = "https://files.pythonhosted.org/packages/ca/bc/f35b8446f4531a7cb215605d100cd88b7ac6f44ab3fc94870c120ab3adbf/pathspec-0.12.1.tar.gz", hash = "sha256:a482d51503a1ab33b1c67a6c3813a26953dbdc71c31dacaef9a838c4e29f5712", size = 51043, upload-time = "2023-12-10T22:30:45Z" }
wheels = [
    { url = "https://files.pythonhosted.org/packages/cc/20/ff623b09d963f88bfde16306a54e12ee5ea43e9b597108672ff3a408aad6/pathspec-0.12.1-py3-none-any.whl", hash = "sha256:a0d503e138a4c123b27490a4f7beda6a01c6f288df0e4a8b79c7eb0dc7b4cc08", size = 31191, upload-time = "2023-12-10T22:30:43.14Z" },
]

[[package]]
name = "pluggy"
version = "1.6.0"
source = { registry = "https://pypi.org/simple" }
sdist = { url = "https://files.pythonhosted.org/packages/f9/e2/3e91f31a7d2b083fe6ef3fa267035b518369d9511ffab804f839851d2779/pluggy-1.6.0.tar.gz", hash = "sha256:7dcc130b76258d33b90f61b658791dede3486c3e6bfb003ee5c9bfb396dd22f3", size = 69412, upload-time = "2025-05-15T12:30:07.975Z" }
wheels = [
    { url = "https://files.pythonhosted.org/packages/54/20/4d324d65cc6d9205fabedc306948156824eb9f0ee1633355a8f7ec5c66bf/pluggy-1.6.0-py3-none-any.whl", hash = "sha256:e920276dd6813095e9377c0bc5566d94c932c33b27a3e3945d8389c374dd4746", size = 20538, upload-time = "2025-05-15T12:30:06.134Z" },
]

[[package]]
name = "pyyaml"
version = "6.0.3"
source = { registry = "https://pypi.org/simple" }
sdist = { url = "https://files.pythonhosted.org/packages/05/8e/961c0007c59b8dd7729d542c61a4d537767a59645b82a0b521206e1e25c2/pyyaml-6.0.3.tar.gz", hash = "sha256:d76623373421df22fb4cf8817020cbb7ef15c725b9d5e45f17e189bfc384190f", size = 130960, upload-time = "2025-09-25T21:33:16.546Z" }
wheels = [
    { url = "https://files.pythonhosted.org/packages/9d/8c/f4bd7f6465179953d3ac9bc44ac1a8a3e6122cf8ada906b4f96c60172d43/pyyaml-6.0.3-cp314-cp314-macosx_10_13_x86_64.whl", hash = "sha256:8d1fab6bb153a416f9aeb4b8763bc0f22a5586065f86f7664fc23339fc1c1fac", size = 181814, upload-time = "2025-09-25T21:32:35.712Z" },
    { url = "https://files.pythonhosted.org/packages/bd/9c/4d95bb87eb2063d20db7b60faa3840c1b18025517ae857371c4dd55a6b3a/pyyaml-6.0.3-cp314-cp314-macosx_11_0_arm64.whl", hash = "sha256:34d5fcd24b8445fadc33f9cf348c1047101756fd760b4dacb5c3e99755703310", size = 173809, upload-time = "2025-09-25T21:32:36.789Z" },
    { url = "https://files.pythonhosted.org/packages/92/b5/47e807c2623074914e29dabd16cbbdd4bf5e9b2db9f8090fa64411fc5382/pyyaml-6.0.3-cp314-cp314-manylinux2014_aarch64.manylinux_2_17_aarch64.manylinux_2_28_aarch64.whl", hash = "sha256:501a031947e3a9025ed4405a168e6ef5ae3126c59f90ce0cd6f2bfc477be31b7", size = 766454, upload-time = "2025-09-25T21:32:37.966Z" },
    { url = "https://files.pythonhosted.org/packages/02/9e/e5e9b168be58564121efb3de6859c452fccde0ab093d8438905899a3a483/pyyaml-6.0.3-cp314-cp314-manylinux2014_s390x.manylinux_2_17_s390x.manylinux_2_28_s390x.whl", hash = "sha256:b3bc83488de33889877a0f2543ade9f70c67d66d9ebb4ac959502e12de895788", size = 836355, upload-time = "2025-09-25T21:32:39.178Z" },
    { url = "https://files.pythonhosted.org/packages/88/f9/16491d7ed2a919954993e48aa941b200f38040928474c9e85ea9e64222c3/pyyaml-6.0.3-cp314-cp314-manylinux2014_x86_64.manylinux_2_17_x86_64.manylinux_2_28_x86_64.whl", hash = "sha256:c458b6d084f9b935061bc36216e8a69a7e293a2f1e68bf956dcd9e6cbcd143f5", size = 794175, upload-time = "2025-09-25T21:32:40.865Z" },
    { url = "https://files.pythonhosted.org/packages/dd/3f/5989debef34dc6397317802b527dbbafb2b4760878a53d4166579111411e/pyyaml-6.0.3-cp314-cp314-musllinux_1_2_aarch64.whl", hash = "sha256:7c6610def4f163542a622a73fb39f534f8c101d690126992300bf3207eab9764", size = 755228, upload-time = "2025-09-25T21:32:42.084Z" },
    { url = "https://files.pythonhosted.org/packages/d7/ce/af88a49043cd2e265be63d083fc75b27b6ed062f5f9fd6cdc223ad62f03e/pyyaml-6.0.3-cp314-cp314-musllinux_1_2_x86_64.whl", hash = "sha256:5190d403f121660ce8d1d2c1bb2ef1bd05b5f68533fc5c2ea899bd15f4399b35", size = 789194, upload-time = "2025-09-25T21:32:43.362Z" },
    { url = "https://files.pythonhosted.org/packages/23/20/bb6982b26a40bb43951265ba29d4c246ef0ff59c9fdcdf0ed04e0687de4d/pyyaml-6.0.3-cp314-cp314-win_amd64.whl", hash = "sha256:4a2e8cebe2ff6ab7d1050ecd59c25d4c8bd7e6f400f5f82b96557ac0abafd0ac", size = 156429, upload-time = "2025-09-25T21:32:57.844Z" },
    { url = "https://files.pythonhosted.org/packages/f4/f4/a4541072bb9422c8a883ab55255f918fa378ecf083f5b85e87fc2b4eda1b/pyyaml-6.0.3-cp314-cp314-win_arm64.whl", hash = "sha256:93dda82c9c22deb0a405ea4dc5f2d0cda384168e466364dec6255b293923b2f3", size = 143912, upload-time = "2025-09-25T21:32:59.247Z" },
    { url = "https://files.pythonhosted.org/packages/7c/f9/07dd09ae774e4616edf6cda684ee78f97777bdd15847253637a6f052a62f/pyyaml-6.0.3-cp314-cp314t-macosx_10_13_x86_64.whl", hash = "sha256:02893d100e99e03eda1c8fd5c441d8c60103fd175728e23e431db1b589cf5ab3", size = 189108, upload-time = "2025-09-25T21:32:44.377Z" },
    { url = "https://files.pythonhosted.org/packages/4e/78/8d08c9fb7ce09ad8c38ad533c1191cf27f7ae1effe5bb9400a46d9437fcf/pyyaml-6.0.3-cp314-cp314t-macosx_11_0_arm64.whl", hash = "sha256:c1ff362665ae507275af2853520967820d9124984e0f7466736aea23d8611fba", size = 183641, upload-time = "2025-09-25T21:32:45.407Z" },
    { url = "https://files.pythonhosted.org/packages/7b/5b/3babb19104a46945cf816d047db2788bcaf8c94527a805610b0289a01c6b/pyyaml-6.0.3-cp314-cp314t-manylinux2014_aarch64.manylinux_2_17_aarch64.manylinux_2_28_aarch64.whl", hash = "sha256:6adc77889b628398debc7b65c073bcb99c4a0237b248cacaf3fe8a557563ef6c", size = 831901, upload-time = "2025-09-25T21:32:48.83Z" },
    { url = "https://files.pythonhosted.org/packages/8b/cc/dff0684d8dc44da4d22a13f35f073d558c268780ce3c6ba1b87055bb0b87/pyyaml-6.0.3-cp314-cp314t-manylinux2014_s390x.manylinux_2_17_s390x.manylinux_2_28_s390x.whl", hash = "sha256:a80cb027f6b349846a3bf6d73b5e95e782175e52f22108cfa17876aaeff93702", size = 861132, upload-time = "2025-09-25T21:32:50.149Z" },
    { url = "https://files.pythonhosted.org/packages/b1/5e/f77dc6b9036943e285ba76b49e118d9ea929885becb0a29ba8a7c75e29fe/pyyaml-6.0.3-cp314-cp314t-manylinux2014_x86_64.manylinux_2_17_x86_64.manylinux_2_28_x86_64.whl", hash = "sha256:00c4bdeba853cc34e7dd471f16b4114f4162dc03e6b7afcc2128711f0eca823c", size = 839261, upload-time = "2025-09-25T21:32:51.808Z" },
    { url = "https://files.pythonhosted.org/packages/ce/88/a9db1376aa2a228197c58b37302f284b5617f56a5d959fd1763fb1675ce6/pyyaml-6.0.3-cp314-cp314t-musllinux_1_2_aarch64.whl", hash = "sha256:66e1674c3ef6f541c35191caae2d429b967b99e02040f5ba928632d9a7f0f065", size = 805272, upload-time = "2025-09-25T21:32:52.941Z" },
    { url = "https://files.pythonhosted.org/packages/da/92/1446574745d74df0c92e6aa4a7b0b3130706a4142b2d1a5869f2eaa423c6/pyyaml-6.0.3-cp314-cp314t-musllinux_1_2_x86_64.whl", hash = "sha256:16249ee61e95f858e83976573de0f5b2893b3677ba71c9dd36b9cf8be9ac6d65", size = 829923, upload-time = "2025-09-25T21:32:54.537Z" },
    { url = "https://files.pythonhosted.org/packages/f0/7a/1c7270340330e575b92f397352af856a8c06f230aa3e76f86b39d01b416a/pyyaml-6.0.3-cp314-cp314t-win_amd64.whl", hash = "sha256:4ad1906908f2f5ae4e5a8ddfce73c320c2a1429ec52eafd27138b7f1cbe341c9", size = 174062, upload-time = "2025-09-25T21:32:55.767Z" },
    { url = "https://files.pythonhosted.org/packages/f1/12/de94a39c2ef588c7e6455cfbe7343d3b2dc9d6b6b2f40c4c6565744c873d/pyyaml-6.0.3-cp314-cp314t-win_arm64.whl", hash = "sha256:ebc55a14a21cb14062aa4162f906cd962b28e2e9ea38f9b4391244cd8de4ae0b", size = 149341, upload-time = "2025-09-25T21:32:56.828Z" },
]

[[package]]
name = "trove-classifiers"
version = "2025.12.1.14"
source = { registry = "https://pypi.org/simple" }
sdist = { url = "https://files.pythonhosted.org/packages/80/e1/000add3b3e0725ce7ee0ea6ea4543f1e1d9519742f3b2320de41eeefa7c7/trove_classifiers-2025.12.1.14.tar.gz", hash = "sha256:a74f0400524fc83620a9be74a07074b5cbe7594fd4d97fd4c2bfde625fdc1633", size = 16985, upload-time = "2025-12-01T14:47:11.456Z" }
wheels = [
    { url = "https://files.pythonhosted.org/packages/4f/7e/bc19996fa86cad8801e8ffe6f1bba5836ca0160df76d0410d27432193712/trove_classifiers-2025.12.1.14-py3-none-any.whl", hash = "sha256:a8206978ede95937b9959c3aff3eb258bbf7b07dff391ddd4ea7e61f316635ab", size = 14184, upload-time = "2025-12-01T14:47:10.113Z" },
]

[[package]]
name = "uv"
version = "0.9.15"
source = { registry = "https://pypi.org/simple" }
sdist = { url = "https://files.pythonhosted.org/packages/d0/b8/63e4ad24d7ef24ef1de10cb2db9ff0f74b2cceb4bd71c4b3909297d40967/uv-0.9.15.tar.gz", hash = "sha256:241a57d8ce90273d0ad8460897e1b2250bd4aa6bafe72fd8be07fbc3a7662f3d", size = 3788825, upload-time = "2025-12-03T01:33:06.404Z" }
wheels = [
    { url = "https://files.pythonhosted.org/packages/fd/e7/5c7fcf7a49884273c18a54b68ffd5f05775cb0e59aeeb2801f2b6d31787b/uv-0.9.15-py3-none-linux_armv6l.whl", hash = "sha256:4ccf2aa7f2e0fcb553dccc8badceb2fc533000e5baf144fd982bb9be88b304b8", size = 20936584, upload-time = "2025-12-03T01:32:58.983Z" },
    { url = "https://files.pythonhosted.org/packages/30/a8/5c376318f57dd4fc58bb01db870f9e564a689d479ddc0440731933286740/uv-0.9.15-py3-none-macosx_10_12_x86_64.whl", hash = "sha256:944cd6d500974f9693994ec990c5b263a185e66cbc1cbd230f319445f8330e4e", size = 20000398, upload-time = "2025-12-03T01:33:04.518Z" },
    { url = "https://files.pythonhosted.org/packages/ca/c7/6af7e5dc21902eb936a54c037650f070cea015d742b3a49e82f53e6f32c4/uv-0.9.15-py3-none-macosx_11_0_arm64.whl", hash = "sha256:ec4716fee5db65cfc78016d07f6fddb9b1fa29a0471fe67fe6676e2befee3215", size = 18440619, upload-time = "2025-12-03T01:32:56.388Z" },
    { url = "https://files.pythonhosted.org/packages/88/73/8364801f678ba58d1a31ec9c8e0bfc407b48c0c57e0e3618e8fbf6b285f6/uv-0.9.15-py3-none-manylinux_2_17_aarch64.manylinux2014_aarch64.musllinux_1_1_aarch64.whl", hash = "sha256:2b9ad2581a90b7b2ed3f5a3b2657c3cf84119bdf101e1a1c49a2f38577eecb1b", size = 20326432, upload-time = "2025-12-03T01:32:53.805Z" },
    { url = "https://files.pythonhosted.org/packages/89/ed/9c13d81005b00dcc759f7ea4b640b1efff8ecebbf852df90c2f237373ed5/uv-0.9.15-py3-none-manylinux_2_17_armv7l.manylinux2014_armv7l.whl", hash = "sha256:d6a837537294e283ddbb18c494dbc085afca3e29d2176059140b7b4e94e485fd", size = 20531552, upload-time = "2025-12-03T01:33:18.894Z" },
    { url = "https://files.pythonhosted.org/packages/b1/24/99c26056300c83f0d542272c02465937965191739d44bf8654d09d2d296f/uv-0.9.15-py3-none-manylinux_2_17_i686.manylinux2014_i686.whl", hash = "sha256:214013314564347ad629a5cfcd28b962038fc23c72155d7a798313f6b9f64f81", size = 21428020, upload-time = "2025-12-03T01:33:10.373Z" },
    { url = "https://files.pythonhosted.org/packages/a2/4a/15dd32d695eae71cb4c09af6e9cbde703674824653c9f2963b068108b344/uv-0.9.15-py3-none-manylinux_2_17_ppc64.manylinux2014_ppc64.whl", hash = "sha256:b32c1ac11ea80ab4cc6ea61029880e1319041d2b3783f2478c8eadfc9a9c9d5a", size = 23061719, upload-time = "2025-12-03T01:32:48.914Z" },
    { url = "https://files.pythonhosted.org/packages/51/02/83c179d6a5cfee0c437dd1d73b515557c6b2b7ab19fb9421420c13b10bc8/uv-0.9.15-py3-none-manylinux_2_17_ppc64le.manylinux2014_ppc64le.whl", hash = "sha256:64d99dfe8af75fed7fd6b7f6a8a81ba26ac88e046c5cb366184c2b53b023b070", size = 22609336, upload-time = "2025-12-03T01:32:41.645Z" },
    { url = "https://files.pythonhosted.org/packages/a3/77/c620febe2662ab1897c2ef7c95a5424517efc456b77a1f75f6da81b4e542/uv-0.9.15-py3-none-manylinux_2_17_s390x.manylinux2014_s390x.whl", hash = "sha256:c5375c95a70fc76104fc178771cd4a8db1dab55345c7162c3d2d47ca2993c4bb", size = 21663700, upload-time = "2025-12-03T01:32:36.335Z" },
    { url = "https://files.pythonhosted.org/packages/70/1b/4273d02565a4e86f238e9fee23e6c5c3bb7b5c237c63228e1b72451db224/uv-0.9.15-py3-none-manylinux_2_17_x86_64.manylinux2014_x86_64.whl", hash = "sha256:b9c1cefdd6e878baa32ff7a7d1ef463690750ff45d899fbb6bd6705e8329b00a", size = 21714799, upload-time = "2025-12-03T01:33:01.785Z" },
    { url = "https://files.pythonhosted.org/packages/61/ae/29787af8124d821c1a88bb66612c24ff6180309d35348a4915214c5078d3/uv-0.9.15-py3-none-manylinux_2_28_aarch64.whl", hash = "sha256:b6d342a4610e7dbc3450c8000313ee7693905ddee12a65a34fdbcd8418a852a5", size = 20454218, upload-time = "2025-12-03T01:33:14.113Z" },
    { url = "https://files.pythonhosted.org/packages/56/fe/ab906a1e530f0fbb7042e82057d7c08ef46131deb75d5fef2133de6725c5/uv-0.9.15-py3-none-manylinux_2_31_riscv64.whl", hash = "sha256:dea4fd678d48b9790234de43b2e5e4a445f9541fd361db7dc1a2cac861c9717a", size = 21549370, upload-time = "2025-12-03T01:32:46.766Z" },
    { url = "https://files.pythonhosted.org/packages/19/11/20ea6dc5ca56f2ad9a8f1b5674f84c38a45a28ccf880aa7c1abb226355a6/uv-0.9.15-py3-none-musllinux_1_1_armv7l.whl", hash = "sha256:bae65f4748cacc20ea7f93b94a9ba82dd5505a98cf61e33d75e2669c6aefbfc5", size = 20502715, upload-time = "2025-12-03T01:32:51.454Z" },
    { url = "https://files.pythonhosted.org/packages/37/38/ed98b5f48be2aeb63dc8853bc777b739c18277d0b950196b4d46f7b4d74a/uv-0.9.15-py3-none-musllinux_1_1_i686.whl", hash = "sha256:5473c1095a697b7c7996a312232f78e81cf71e5afc30c889e46a486fe298d853", size = 20890379, upload-time = "2025-12-03T01:32:28.035Z" },
    { url = "https://files.pythonhosted.org/packages/dd/50/a97468ed93b80a50ea97a717662be4b841e7149bc68197ded087bcdd9e36/uv-0.9.15-py3-none-musllinux_1_1_x86_64.whl", hash = "sha256:a0ef2e2bcf807aebd70e3a87bde618d0a01f07f627f5da0b0b457d7be2124843", size = 21921653, upload-time = "2025-12-03T01:32:31.016Z" },
    { url = "https://files.pythonhosted.org/packages/94/e8/ad85878d4e789c40b75c9f670eba52c7e5e63393f31e1c1a7246849595a2/uv-0.9.15-py3-none-win32.whl", hash = "sha256:5efa39d9085f918d17869e43471ccd4526372e71d945b8d7cd3c8867ce6eab33", size = 19762699, upload-time = "2025-12-03T01:32:39.104Z" },
    { url = "https://files.pythonhosted.org/packages/bc/37/e15a46f880b2c230f7d6934f046825ebe547f90008984c861e84e2ef34c4/uv-0.9.15-py3-none-win_amd64.whl", hash = "sha256:e46f36c80353fb406d4c0fb2cfe1953b4a01bfb3fc5b88dd4f763641b8899f1a", size = 21758441, upload-time = "2025-12-03T01:32:33.722Z" },
    { url = "https://files.pythonhosted.org/packages/9a/fe/af3595c25dfaa85daff11ed0c8ca0fc1d088a426c65ef93d3751490673fd/uv-0.9.15-py3-none-win_arm64.whl", hash = "sha256:8f14456f357ebbf3f494ae5af41e9b306ba66ecc81cb2304095b38d99a1f7d28", size = 20203340, upload-time = "2025-12-03T01:32:44.184Z" },
]
